
Microsoft Visual Studio Solution File, Format Version 12.00
# Visual Studio Version 16
VisualStudioVersion = 16.0.30717.126
MinimumVisualStudioVersion = 10.0.40219.1
Project("{FAE04EC0-301F-11D3-BF4B-00C04F79EFBC}") = "StringChat", "StringChat\StringChat.csproj", "{6A4BA393-3CBD-429A-BCF7-9E87F53C4483}"
EndProject
Global
	GlobalSection(SolutionConfigurationPlatforms) = preSolution
		Debug|Any CPU = Debug|Any CPU
		Release|Any CPU = Release|Any CPU
	EndGlobalSection
	GlobalSection(ProjectConfigurationPlatforms) = postSolution
		{6A4BA393-3CBD-429A-BCF7-9E87F53C4483}.Debug|Any CPU.ActiveCfg = Debug|Any CPU
		{6A4BA393-3CBD-429A-BCF7-9E87F53C4483}.Debug|Any CPU.Build.0 = Debug|Any CPU
		{6A4BA393-3CBD-429A-BCF7-9E87F53C4483}.Release|Any CPU.ActiveCfg = Release|Any CPU
		{6A4BA393-3CBD-429A-BCF7-9E87F53C4483}.Release|Any CPU.Build.0 = Release|Any CPU
	EndGlobalSection
	GlobalSection(SolutionProperties) = preSolution
		HideSolutionNode = FALSE
	EndGlobalSection
	GlobalSection(ExtensibilityGlobals) = postSolution
		SolutionGuid = {88B361D2-648A-460D-9F3D-75CDF2736C62}
	EndGlobalSection
EndGlobal
